{
  "name": "@solidx/hn-moko",
  "version": "3.0.0",
  "lockfileVersion": 1,
  "requires": true,
  "dependencies": {
    "@solidx/moko": {
      "version": "2.0.6",
      "resolved": "https://registry.npmjs.org/@solidx/moko/-/moko-2.0.6.tgz",
      "integrity": "sha512-Fi55zGlHTUds1aARvZtnulVaxfNK46frqBSwcsUAlpLUGyzSipJ4zD66tJZFQHSDxC9MBSGgYx4UVhCIMFPP4g=="
    },
    "prettier": {
      "version": "1.18.2",
      "resolved": "https://registry.npmjs.org/prettier/-/prettier-1.18.2.tgz",
      "integrity": "sha512-OeHeMc0JhFE9idD4ZdtNibzY0+TPHSpSSb9h8FqtP+YnoZZ1sl8Vc9b1sasjfymH3SonAF4QcA2+mzHPhMvIiw==",
      "dev": true
    }
  }
}
